{
    "_meta": {
        "hash": {
            "sha256": "e9ba205a0389fb2408aaf37a3a55b1042be4f7f638fdfd6d7a0493afdf137bd4"
        },
        "host-environment-markers": {
            "implementation_name": "cpython",
            "implementation_version": "3.7.0",
            "os_name": "posix",
            "platform_machine": "x86_64",
            "platform_python_implementation": "CPython",
            "platform_release": "17.4.0",
            "platform_system": "Darwin",
            "platform_version": "Darwin Kernel Version 17.4.0: Sun Dec 17 09:19:54 PST 2017; root:xnu-4570.41.2~1/RELEASE_X86_64",
            "python_full_version": "3.7.0",
            "python_version": "3.7",
            "sys_platform": "darwin"
        },
        "pipfile-spec": 6,
        "requires": {
            "python_version": "3.7"
        },
        "sources": [
            {
                "name": "pypi",
                "url": "https://pypi.org/simple",
                "verify_ssl": true
            }
        ]
    },
    "default": {
        "5f22a8e": {
            "path": "./Pipfile"
        },
        "certifi": {
            "hashes": [],
            "version": "==2018.8.24"
        },
        "chardet": {
            "hashes": [],
            "version": "==3.0.4"
        },
        "future": {
            "hashes": [],
            "version": "==0.16.0"
        },
        "gspread": {
            "hashes": [],
            "version": "==3.0.1"
        },
        "gspread-dataframe": {
            "hashes": [],
            "version": "==3.0.2"
        },
        "httplib2": {
            "hashes": [],
            "version": "==0.11.3"
        },
        "idna": {
            "hashes": [],
            "version": "==2.7"
        },
        "numpy": {
            "hashes": [],
            "version": "==1.15.1"
        },
        "oauth2client": {
            "hashes": [],
            "version": "==4.1.2"
        },
        "oauthlib": {
            "hashes": [],
            "version": "==2.1.0"
        },
        "pandas": {
            "hashes": [],
            "version": "==0.23.4"
        },
        "pyasn1": {
            "hashes": [],
            "version": "==0.4.4"
        },
        "pyasn1-modules": {
            "hashes": [],
            "version": "==0.2.2"
        },
        "python-dateutil": {
            "hashes": [],
            "version": "==2.7.3"
        },
        "python-twitter": {
            "hashes": [],
            "version": "==3.4.2"
        },
        "pytz": {
            "hashes": [],
            "version": "==2018.5"
        },
        "requests": {
            "hashes": [],
            "version": "==2.19.1"
        },
        "requests-oauthlib": {
            "hashes": [],
            "version": "==1.0.0"
        },
        "rsa": {
            "hashes": [],
            "version": "==3.4.2"
        },
        "six": {
            "hashes": [],
            "version": "==1.11.0"
        },
        "unicodecsv": {
            "hashes": [],
            "version": "==0.14.1"
        },
        "urllib3": {
            "hashes": [],
            "version": "==1.23"
        }
    },
    "develop": {}
}
